
Microsoft Visual Studio Solution File, Format Version 12.00
# Visual Studio Version 17
VisualStudioVersion = 17.4.33122.133
MinimumVisualStudioVersion = 10.0.40219.1
Project("{FAE04EC0-301F-11D3-BF4B-00C04F79EFBC}") = "MyPortFolio", "MyPortFolio\MyPortFolio.csproj", "{4EC6068D-822F-4CC9-A8F3-E43EAEF5CD15}"
EndProject
Global
	GlobalSection(SolutionConfigurationPlatforms) = preSolution
		Debug|Any CPU = Debug|Any CPU
		Release|Any CPU = Release|Any CPU
	EndGlobalSection
	GlobalSection(ProjectConfigurationPlatforms) = postSolution
		{4EC6068D-822F-4CC9-A8F3-E43EAEF5CD15}.Debug|Any CPU.ActiveCfg = Debug|Any CPU
		{4EC6068D-822F-4CC9-A8F3-E43EAEF5CD15}.Debug|Any CPU.Build.0 = Debug|Any CPU
		{4EC6068D-822F-4CC9-A8F3-E43EAEF5CD15}.Release|Any CPU.ActiveCfg = Release|Any CPU
		{4EC6068D-822F-4CC9-A8F3-E43EAEF5CD15}.Release|Any CPU.Build.0 = Release|Any CPU
	EndGlobalSection
	GlobalSection(SolutionProperties) = preSolution
		HideSolutionNode = FALSE
	EndGlobalSection
	GlobalSection(ExtensibilityGlobals) = postSolution
		SolutionGuid = {20889713-12B4-474C-9C7B-452509E1902D}
	EndGlobalSection
EndGlobal
